github.com/argoproj/argo-cd/v3 v3.0.9 h1:5B4Q1xfTDXiOQ1R6+JJAiQCVCbsGRqBJBRevDaenrQA=
github.com/argoproj/argo-cd/v3 v3.0.9/go.mod h1:ofadwxZACMBM+CGn+d0cytbqU4Xthj/pCjp2k2gekn4=
github.com/argoproj/argo-rollouts v1.8.3 h1:blbtQva4IK9r6gFh+dWkCrLnFdPOWiv9ubQYu36qeaA=
github.com/argoproj/argo-rollouts v1.8.3/go.mod h1:kCAUvIfMGfOyVf3lvQbBt0nqQn4Pd+zB5/YwKv+UBa8=
